
Microsoft Visual Studio Solution File, Format Version 12.00
# Visual Studio 2012
Project("{FAE04EC0-301F-11D3-BF4B-00C04F79EFBC}") = "GrabSingaporeStockForm", "GrabSingaporeStockForm\GrabSingaporeStockForm.csproj", "{8D522C9B-C3F7-4314-BA63-68CF0CCDBFBA}"
EndProject
Global
	GlobalSection(SolutionConfigurationPlatforms) = preSolution
		Debug|Any CPU = Debug|Any CPU
		Release|Any CPU = Release|Any CPU
	EndGlobalSection
	GlobalSection(ProjectConfigurationPlatforms) = postSolution
		{8D522C9B-C3F7-4314-BA63-68CF0CCDBFBA}.Debug|Any CPU.ActiveCfg = Debug|Any CPU
		{8D522C9B-C3F7-4314-BA63-68CF0CCDBFBA}.Debug|Any CPU.Build.0 = Debug|Any CPU
		{8D522C9B-C3F7-4314-BA63-68CF0CCDBFBA}.Release|Any CPU.ActiveCfg = Release|Any CPU
		{8D522C9B-C3F7-4314-BA63-68CF0CCDBFBA}.Release|Any CPU.Build.0 = Release|Any CPU
	EndGlobalSection
	GlobalSection(SolutionProperties) = preSolution
		HideSolutionNode = FALSE
	EndGlobalSection
EndGlobal
